{
  "name": "2708-node-lib-md",
  "lockfileVersion": 3,
  "requires": true,
  "packages": {
    "": {
      "dependencies": {
        "chalk": "^5.0.1",
        "exact": "^1.0.1"
      }
    },
    "node_modules/chalk": {
      "version": "5.0.1",
      "resolved": "https://registry.npmjs.org/chalk/-/chalk-5.0.1.tgz",
      "integrity": "sha512-Fo07WOYGqMfCWHOzSXOt2CxDbC6skS/jO9ynEcmpANMoPrD+W1r1K6Vx7iNm+AQmETU1Xr2t+n8nzkV9t6xh3w==",
      "license": "MIT",
      "engines": {
        "node": "^12.17.0 || ^14.13 || >=16.0.0"
      },
      "funding": {
        "url": "https://github.com/chalk/chalk?sponsor=1"
      }
    },
    "node_modules/exact": {
      "version": "1.0.1",
      "resolved": "https://registry.npmjs.org/exact/-/exact-1.0.1.tgz",
      "integrity": "sha512-3SN5IL4pHktado7PQsj9rJcnHovorezzv5W3/HAJWGUfbrEqDZ3/1ZWiZSl2wSQ7gM6hiGnwIqKhRf1OHOMfQg==",
      "license": "ISC"
    }
  }
}
